{
  "name": "truhaiso",
  "version": "1.0.0",
  "lockfileVersion": 3,
  "requires": true,
  "packages": {
    "": {
      "name": "truhaiso",
      "version": "1.0.0",
      "license": "MIT",
      "dependencies": {
        "conghaiso": "^1.0.0",
        "truhaiso": "^1.0.0"
      }
    },
    "node_modules/conghaiso": {
      "version": "1.0.0",
      "resolved": "https://registry.npmjs.org/conghaiso/-/conghaiso-1.0.0.tgz",
      "integrity": "sha512-7gRKjaLdc7/1kaLpFTQ5QX5+J/4g1kdqQ8jcYMmmTCR8SUDZJACh3GTCMAWlAR1Fw1cgQSDZc0ypb52k5EqJKg=="
    },
    "node_modules/truhaiso": {
      "version": "1.0.0",
      "resolved": "https://registry.npmjs.org/truhaiso/-/truhaiso-1.0.0.tgz",
      "integrity": "sha512-z8lm54cXqxg7PAT+9HF93qfKq+lZdOAiBmJNQQ4YUw/babaPZKuJBGFWMWZZI8ypkUBn/HhrVB6rmHFEyY2E2A=="
    }
  }
}
